{
    "_readme": [
        "This file locks the dependencies of your project to a known state",
        "Read more about it at https://getcomposer.org/doc/01-basic-usage.md#installing-dependencies",
        "This file is @generated automatically"
    ],
    "content-hash": "dd3641e38dea6ca42addeb6cc283b8fc",
    "packages": [
        {
            "name": "consilience/laravel-odoo-api-client",
            "version": "0.11.0",
            "source": {
                "type": "git",
                "url": "https://github.com/consilience/laravel-odoo-api-client.git",
                "reference": "c5879b1ec2cdd14c4b9cf806dd46ebe509adbca8"
            },
            "dist": {
                "type": "zip",
                "url": "https://api.github.com/repos/consilience/laravel-odoo-api-client/zipball/c5879b1ec2cdd14c4b9cf806dd46ebe509adbca8",
                "reference": "c5879b1ec2cdd14c4b9cf806dd46ebe509adbca8",
                "shasum": ""
            },
            "require": {
                "php": ">= 7.0.0",
                "phpxmlrpc/phpxmlrpc": "~4.3"
            },
            "type": "library",
            "extra": {
                "laravel": {
                    "providers": [
                        "Consilience\\OdooApi\\OdooServiceProvider"
                    ],
                    "aliases": {
                        "OdooApi": "Consilience\\OdooApi\\OdooFacade"
                    }
                }
            },
            "autoload": {
                "psr-4": {
                    "Consilience\\OdooApi\\": "src/"
                }
            },
            "notification-url": "https://packagist.org/downloads/",
            "license": [
                "MIT"
            ],
            "authors": [
                {
                    "name": "Jason Judge",
                    "email": "jason@consil.co.uk"
                }
            ],
            "description": "Laravel provider for the Odoo API",
            "time": "2019-04-22T17:37:19+00:00"
        },
        {
            "name": "phpxmlrpc/phpxmlrpc",
            "version": "4.4.1",
            "source": {
                "type": "git",
                "url": "https://github.com/gggeek/phpxmlrpc.git",
                "reference": "3ba5608040e61564cf5e9a1ede98a9b0cf9d060e"
            },
            "dist": {
                "type": "zip",
                "url": "https://api.github.com/repos/gggeek/phpxmlrpc/zipball/3ba5608040e61564cf5e9a1ede98a9b0cf9d060e",
                "reference": "3ba5608040e61564cf5e9a1ede98a9b0cf9d060e",
                "shasum": ""
            },
            "require": {
                "ext-xml": "*",
                "php": ">=5.3.0"
            },
            "require-dev": {
                "codeclimate/php-test-reporter": "dev-master",
                "docbook/docbook-xsl": "~1.78",
                "ext-curl": "*",
                "ext-mbstring": "*",
                "indeyets/pake": "~1.99",
                "phpunit/phpunit": ">=4.0.0, <6.0.0",
                "phpunit/phpunit-selenium": "*",
                "sami/sami": "~3.1"
            },
            "suggest": {
                "ext-curl": "Needed for HTTPS and HTTP 1.1 support, NTLM Auth etc...",
                "ext-mbstring": "Needed to allow reception of requests/responses in character sets other than ASCII,LATIN-1,UTF-8",
                "ext-zlib": "Needed for sending compressed requests and receiving compressed responses, if cURL is not available"
            },
            "type": "library",
            "autoload": {
                "psr-4": {
                    "PhpXmlRpc\\": "src/"
                }
            },
            "notification-url": "https://packagist.org/downloads/",
            "license": [
                "BSD-3-Clause"
            ],
            "description": "A php library for building xmlrpc clients and servers",
            "homepage": "http://gggeek.github.io/phpxmlrpc/",
            "keywords": [
                "webservices",
                "xmlrpc"
            ],
            "time": "2019-07-29T14:20:48+00:00"
        }
    ],
    "packages-dev": [],
    "aliases": [],
    "minimum-stability": "stable",
    "stability-flags": [],
    "prefer-stable": false,
    "prefer-lowest": false,
    "platform": [],
    "platform-dev": []
}
